// !$*UTF8*$!
{
	archiveVersion = 1;
	classes = {
	};
	objectVersion = 50;
	objects = {

/* Begin PBXBuildFile section */
		9F0509E321877E3B006DACA3 /* AppDelegate.swift in Sources */ = {isa = PBXBuildFile; fileRef = 9F0509E221877E3B006DACA3 /* AppDelegate.swift */; };
		9F0509E521877E3B006DACA3 /* ViewController.swift in Sources */ = {isa = PBXBuildFile; fileRef = 9F0509E421877E3B006DACA3 /* ViewController.swift */; };
		9F0509E821877E3B006DACA3 /* Main.storyboard in Resources */ = {isa = PBXBuildFile; fileRef = 9F0509E621877E3B006DACA3 /* Main.storyboard */; };
		9F0509EA21877E3D006DACA3 /* Assets.xcassets in Resources */ = {isa = PBXBuildFile; fileRef = 9F0509E921877E3D006DACA3 /* Assets.xcassets */; };
		9F0509ED21877E3D006DACA3 /* LaunchScreen.storyboard in Resources */ = {isa = PBXBuildFile; fileRef = 9F0509EB21877E3D006DACA3 /* LaunchScreen.storyboard */; };
		9F0509F821877E3E006DACA3 /* TinderTests.swift in Sources */ = {isa = PBXBuildFile; fileRef = 9F0509F721877E3E006DACA3 /* TinderTests.swift */; };
		9F050A0321877E3E006DACA3 /* TinderUITests.swift in Sources */ = {isa = PBXBuildFile; fileRef = 9F050A0221877E3E006DACA3 /* TinderUITests.swift */; };
/* End PBXBuildFile section */

/* Begin PBXContainerItemProxy section */
		9F0509F421877E3E006DACA3 /* PBXContainerItemProxy */ = {
			isa = PBXContainerItemProxy;
			containerPortal = 9F0509D721877E3B006DACA3 /* Project object */;
			proxyType = 1;
			remoteGlobalIDString = 9F0509DE21877E3B006DACA3;
			remoteInfo = Tinder;
		};
		9F0509FF21877E3E006DACA3 /* PBXContainerItemProxy */ = {
			isa = PBXContainerItemProxy;
			containerPortal = 9F0509D721877E3B006DACA3 /* Project object */;
			proxyType = 1;
			remoteGlobalIDString = 9F0509DE21877E3B006DACA3;
			remoteInfo = Tinder;
		};
/* End PBXContainerItemProxy section */

/* Begin PBXFileReference section */
		9F0509DF21877E3B006DACA3 /* Tinder.app */ = {isa = PBXFileReference; explicitFileType = wrapper.application; includeInIndex = 0; path = Tinder.app; sourceTree = BUILT_PRODUCTS_DIR; };
		9F0509E221877E3B006DACA3 /* AppDelegate.swift */ = {isa = PBXFileReference; lastKnownFileType = sourcecode.swift; path = AppDelegate.swift; sourceTree = "<group>"; };
		9F0509E421877E3B006DACA3 /* ViewController.swift */ = {isa = PBXFileReference; lastKnownFileType = sourcecode.swift; path = ViewController.swift; sourceTree = "<group>"; };
		9F0509E721877E3B006DACA3 /* Base */ = {isa = PBXFileReference; lastKnownFileType = file.storyboard; name = Base; path = Base.lproj/Main.storyboard; sourceTree = "<group>"; };
		9F0509E921877E3D006DACA3 /* Assets.xcassets */ = {isa = PBXFileReference; lastKnownFileType = folder.assetcatalog; path = Assets.xcassets; sourceTree = "<group>"; };
		9F0509EC21877E3D006DACA3 /* Base */ = {isa = PBXFileReference; lastKnownFileType = file.storyboard; name = Base; path = Base.lproj/LaunchScreen.storyboard; sourceTree = "<group>"; };
		9F0509EE21877E3D006DACA3 /* Info.plist */ = {isa = PBXFileReference; lastKnownFileType = text.plist.xml; path = Info.plist; sourceTree = "<group>"; };
		9F0509F321877E3E006DACA3 /* TinderTests.xctest */ = {isa = PBXFileReference; explicitFileType = wrapper.cfbundle; includeInIndex = 0; path = TinderTests.xctest; sourceTree = BUILT_PRODUCTS_DIR; };
		9F0509F721877E3E006DACA3 /* TinderTests.swift */ = {isa = PBXFileReference; lastKnownFileType = sourcecode.swift; path = TinderTests.swift; sourceTree = "<group>"; };
		9F0509F921877E3E006DACA3 /* Info.plist */ = {isa = PBXFileReference; lastKnownFileType = text.plist.xml; path = Info.plist; sourceTree = "<group>"; };
		9F0509FE21877E3E006DACA3 /* TinderUITests.xctest */ = {isa = PBXFileReference; explicitFileType = wrapper.cfbundle; includeInIndex = 0; path = TinderUITests.xctest; sourceTree = BUILT_PRODUCTS_DIR; };
		9F050A0221877E3E006DACA3 /* TinderUITests.swift */ = {isa = PBXFileReference; lastKnownFileType = sourcecode.swift; path = TinderUITests.swift; sourceTree = "<group>"; };
		9F050A0421877E3E006DACA3 /* Info.plist */ = {isa = PBXFileReference; lastKnownFileType = text.plist.xml; path = Info.plist; sourceTree = "<group>"; };
/* End PBXFileReference section */

/* Begin PBXFrameworksBuildPhase section */
		9F0509DC21877E3B006DACA3 /* Frameworks */ = {
			isa = PBXFrameworksBuildPhase;
			buildActionMask = 2147483647;
			files = (
			);
			runOnlyForDeploymentPostprocessing = 0;
		};
		9F0509F021877E3E006DACA3 /* Frameworks */ = {
			isa = PBXFrameworksBuildPhase;
			buildActionMask = 2147483647;
			files = (
			);
			runOnlyForDeploymentPostprocessing = 0;
		};
		9F0509FB21877E3E006DACA3 /* Frameworks */ = {
			isa = PBXFrameworksBuildPhase;
			buildActionMask = 2147483647;
			files = (
			);
			runOnlyForDeploymentPostprocessing = 0;
		};
/* End PBXFrameworksBuildPhase section */

/* Begin PBXGroup section */
		9F0509D621877E3B006DACA3 = {
			isa = PBXGroup;
			children = (
				9F0509E121877E3B006DACA3 /* Tinder */,
				9F0509F621877E3E006DACA3 /* TinderTests */,
				9F050A0121877E3E006DACA3 /* TinderUITests */,
				9F0509E021877E3B006DACA3 /* Products */,
			);
			sourceTree = "<group>";
		};
		9F0509E021877E3B006DACA3 /* Products */ = {
			isa = PBXGroup;
			children = (
				9F0509DF21877E3B006DACA3 /* Tinder.app */,
				9F0509F321877E3E006DACA3 /* TinderTests.xctest */,
				9F0509FE21877E3E006DACA3 /* TinderUITests.xctest */,
			);
			name = Products;
			sourceTree = "<group>";
		};
		9F0509E121877E3B006DACA3 /* Tinder */ = {
			isa = PBXGroup;
			children = (
				9F0509E221877E3B006DACA3 /* AppDelegate.swift */,
				9F0509E421877E3B006DACA3 /* ViewController.swift */,
				9F0509E621877E3B006DACA3 /* Main.storyboard */,
				9F0509E921877E3D006DACA3 /* Assets.xcassets */,
				9F0509EB21877E3D006DACA3 /* LaunchScreen.storyboard */,
				9F0509EE21877E3D006DACA3 /* Info.plist */,
			);
			path = Tinder;
			sourceTree = "<group>";
		};
		9F0509F621877E3E006DACA3 /* TinderTests */ = {
			isa = PBXGroup;
			children = (
				9F0509F721877E3E006DACA3 /* TinderTests.swift */,
				9F0509F921877E3E006DACA3 /* Info.plist */,
			);
			path = TinderTests;
			sourceTree = "<group>";
		};
		9F050A0121877E3E006DACA3 /* TinderUITests */ = {
			isa = PBXGroup;
			children = (
				9F050A0221877E3E006DACA3 /* TinderUITests.swift */,
				9F050A0421877E3E006DACA3 /* Info.plist */,
			);
			path = TinderUITests;
			sourceTree = "<group>";
		};
/* End PBXGroup section */

/* Begin PBXNativeTarget section */
		9F0509DE21877E3B006DACA3 /* Tinder */ = {
			isa = PBXNativeTarget;
			buildConfigurationList = 9F050A0721877E3E006DACA3 /* Build configuration list for PBXNativeTarget "Tinder" */;
			buildPhases = (
				9F0509DB21877E3B006DACA3 /* Sources */,
				9F0509DC21877E3B006DACA3 /* Frameworks */,
				9F0509DD21877E3B006DACA3 /* Resources */,
			);
			buildRules = (
			);
			dependencies = (
			);
			name = Tinder;
			productName = Tinder;
			productReference = 9F0509DF21877E3B006DACA3 /* Tinder.app */;
			productType = "com.apple.product-type.application";
		};
		9F0509F221877E3E006DACA3 /* TinderTests */ = {
			isa = PBXNativeTarget;
			buildConfigurationList = 9F050A0A21877E3E006DACA3 /* Build configuration list for PBXNativeTarget "TinderTests" */;
			buildPhases = (
				9F0509EF21877E3E006DACA3 /* Sources */,
				9F0509F021877E3E006DACA3 /* Frameworks */,
				9F0509F121877E3E006DACA3 /* Resources */,
			);
			buildRules = (
			);
			dependencies = (
				9F0509F521877E3E006DACA3 /* PBXTargetDependency */,
			);
			name = TinderTests;
			productName = TinderTests;
			productReference = 9F0509F321877E3E006DACA3 /* TinderTests.xctest */;
			productType = "com.apple.product-type.bundle.unit-test";
		};
		9F0509FD21877E3E006DACA3 /* TinderUITests */ = {
			isa = PBXNativeTarget;
			buildConfigurationList = 9F050A0D21877E3E006DACA3 /* Build configuration list for PBXNativeTarget "TinderUITests" */;
			buildPhases = (
				9F0509FA21877E3E006DACA3 /* Sources */,
				9F0509FB21877E3E006DACA3 /* Frameworks */,
				9F0509FC21877E3E006DACA3 /* Resources */,
			);
			buildRules = (
			);
			dependencies = (
				9F050A0021877E3E006DACA3 /* PBXTargetDependency */,
			);
			name = TinderUITests;
			productName = TinderUITests;
			productReference = 9F0509FE21877E3E006DACA3 /* TinderUITests.xctest */;
			productType = "com.apple.product-type.bundle.ui-testing";
		};
/* End PBXNativeTarget section */

/* Begin PBXProject section */
		9F0509D721877E3B006DACA3 /* Project object */ = {
			isa = PBXProject;
			attributes = {
				LastSwiftUpdateCheck = 0930;
				LastUpgradeCheck = 0930;
				ORGANIZATIONNAME = "Vidhu Appalaraju";
				TargetAttributes = {
					9F0509DE21877E3B006DACA3 = {
						CreatedOnToolsVersion = 9.3.1;
					};
					9F0509F221877E3E006DACA3 = {
						CreatedOnToolsVersion = 9.3.1;
						TestTargetID = 9F0509DE21877E3B006DACA3;
					};
					9F0509FD21877E3E006DACA3 = {
						CreatedOnToolsVersion = 9.3.1;
						TestTargetID = 9F0509DE21877E3B006DACA3;
					};
				};
			};
			buildConfigurationList = 9F0509DA21877E3B006DACA3 /* Build configuration list for PBXProject "Tinder" */;
			compatibilityVersion = "Xcode 9.3";
			developmentRegion = en;
			hasScannedForEncodings = 0;
			knownRegions = (
				en,
				Base,
			);
			mainGroup = 9F0509D621877E3B006DACA3;
			productRefGroup = 9F0509E021877E3B006DACA3 /* Products */;
			projectDirPath = "";
			projectRoot = "";
			targets = (
				9F0509DE21877E3B006DACA3 /* Tinder */,
				9F0509F221877E3E006DACA3 /* TinderTests */,
				9F0509FD21877E3E006DACA3 /* TinderUITests */,
			);
		};
/* End PBXProject section */

/* Begin PBXResourcesBuildPhase section */
		9F0509DD21877E3B006DACA3 /* Resources */ = {
			isa = PBXResourcesBuildPhase;
			buildActionMask = 2147483647;
			files = (
				9F0509ED21877E3D006DACA3 /* LaunchScreen.storyboard in Resources */,
				9F0509EA21877E3D006DACA3 /* Assets.xcassets in Resources */,
				9F0509E821877E3B006DACA3 /* Main.storyboard in Resources */,
			);
			runOnlyForDeploymentPostprocessing = 0;
		};
		9F0509F121877E3E006DACA3 /* Resources */ = {
			isa = PBXResourcesBuildPhase;
			buildActionMask = 2147483647;
			files = (
			);
			runOnlyForDeploymentPostprocessing = 0;
		};
		9F0509FC21877E3E006DACA3 /* Resources */ = {
			isa = PBXResourcesBuildPhase;
			buildActionMask = 2147483647;
			files = (
			);
			runOnlyForDeploymentPostprocessing = 0;
		};
/* End PBXResourcesBuildPhase section */

/* Begin PBXSourcesBuildPhase section */
		9F0509DB21877E3B006DACA3 /* Sources */ = {
			isa = PBXSourcesBuildPhase;
			buildActionMask = 2147483647;
			files = (
				9F0509E521877E3B006DACA3 /* ViewController.swift in Sources */,
				9F0509E321877E3B006DACA3 /* AppDelegate.swift in Sources */,
			);
			runOnlyForDeploymentPostprocessing = 0;
		};
		9F0509EF21877E3E006DACA3 /* Sources */ = {
			isa = PBXSourcesBuildPhase;
			buildActionMask = 2147483647;
			files = (
				9F0509F821877E3E006DACA3 /* TinderTests.swift in Sources */,
			);
			runOnlyForDeploymentPostprocessing = 0;
		};
		9F0509FA21877E3E006DACA3 /* Sources */ = {
			isa = PBXSourcesBuildPhase;
			buildActionMask = 2147483647;
			files = (
				9F050A0321877E3E006DACA3 /* TinderUITests.swift in Sources */,
			);
			runOnlyForDeploymentPostprocessing = 0;
		};
/* End PBXSourcesBuildPhase section */

/* Begin PBXTargetDependency section */
		9F0509F521877E3E006DACA3 /* PBXTargetDependency */ = {
			isa = PBXTargetDependency;
			target = 9F0509DE21877E3B006DACA3 /* Tinder */;
			targetProxy = 9F0509F421877E3E006DACA3 /* PBXContainerItemProxy */;
		};
		9F050A0021877E3E006DACA3 /* PBXTargetDependency */ = {
			isa = PBXTargetDependency;
			target = 9F0509DE21877E3B006DACA3 /* Tinder */;
			targetProxy = 9F0509FF21877E3E006DACA3 /* PBXContainerItemProxy */;
		};
/* End PBXTargetDependency section */

/* Begin PBXVariantGroup section */
		9F0509E621877E3B006DACA3 /* Main.storyboard */ = {
			isa = PBXVariantGroup;
			children = (
				9F0509E721877E3B006DACA3 /* Base */,
			);
			name = Main.storyboard;
			sourceTree = "<group>";
		};
		9F0509EB21877E3D006DACA3 /* LaunchScreen.storyboard */ = {
			isa = PBXVariantGroup;
			children = (
				9F0509EC21877E3D006DACA3 /* Base */,
			);
			name = LaunchScreen.storyboard;
			sourceTree = "<group>";
		};
/* End PBXVariantGroup section */

/* Begin XCBuildConfiguration section */
		9F050A0521877E3E006DACA3 /* Debug */ = {
			isa = XCBuildConfiguration;
			buildSettings = {
				ALWAYS_SEARCH_USER_PATHS = NO;
				CLANG_ANALYZER_NONNULL = YES;
				CLANG_ANALYZER_NUMBER_OBJECT_CONVERSION = YES_AGGRESSIVE;
				CLANG_CXX_LANGUAGE_STANDARD = "gnu++14";
				CLANG_CXX_LIBRARY = "libc++";
				CLANG_ENABLE_MODULES = YES;
				CLANG_ENABLE_OBJC_ARC = YES;
				CLANG_ENABLE_OBJC_WEAK = YES;
				CLANG_WARN_BLOCK_CAPTURE_AUTORELEASING = YES;
				CLANG_WARN_BOOL_CONVERSION = YES;
				CLANG_WARN_COMMA = YES;
				CLANG_WARN_CONSTANT_CONVERSION = YES;
				CLANG_WARN_DEPRECATED_OBJC_IMPLEMENTATIONS = YES;
				CLANG_WARN_DIRECT_OBJC_ISA_USAGE = YES_ERROR;
				CLANG_WARN_DOCUMENTATION_COMMENTS = YES;
				CLANG_WARN_EMPTY_BODY = YES;
				CLANG_WARN_ENUM_CONVERSION = YES;
				CLANG_WARN_INFINITE_RECURSION = YES;
				CLANG_WARN_INT_CONVERSION = YES;
				CLANG_WARN_NON_LITERAL_NULL_CONVERSION = YES;
				CLANG_WARN_OBJC_IMPLICIT_RETAIN_SELF = YES;
				CLANG_WARN_OBJC_LITERAL_CONVERSION = YES;
				CLANG_WARN_OBJC_ROOT_CLASS = YES_ERROR;
				CLANG_WARN_RANGE_LOOP_ANALYSIS = YES;
				CLANG_WARN_STRICT_PROTOTYPES = YES;
				CLANG_WARN_SUSPICIOUS_MOVE = YES;
				CLANG_WARN_UNGUARDED_AVAILABILITY = YES_AGGRESSIVE;
				CLANG_WARN_UNREACHABLE_CODE = YES;
				CLANG_WARN__DUPLICATE_METHOD_MATCH = YES;
				CODE_SIGN_IDENTITY = "iPhone Developer";
				COPY_PHASE_STRIP = NO;
				DEBUG_INFORMATION_FORMAT = dwarf;
				ENABLE_STRICT_OBJC_MSGSEND = YES;
				ENABLE_TESTABILITY = YES;
				GCC_C_LANGUAGE_STANDARD = gnu11;
				GCC_DYNAMIC_NO_PIC = NO;
				GCC_NO_COMMON_BLOCKS = YES;
				GCC_OPTIMIZATION_LEVEL = 0;
				GCC_PREPROCESSOR_DEFINITIONS = (
					"DEBUG=1",
					"$(inherited)",
				);
				GCC_WARN_64_TO_32_BIT_CONVERSION = YES;
				GCC_WARN_ABOUT_RETURN_TYPE = YES_ERROR;
				GCC_WARN_UNDECLARED_SELECTOR = YES;
				GCC_WARN_UNINITIALIZED_AUTOS = YES_AGGRESSIVE;
				GCC_WARN_UNUSED_FUNCTION = YES;
				GCC_WARN_UNUSED_VARIABLE = YES;
				IPHONEOS_DEPLOYMENT_TARGET = 11.3;
				MTL_ENABLE_DEBUG_INFO = YES;
				ONLY_ACTIVE_ARCH = YES;
				SDKROOT = iphoneos;
				SWIFT_ACTIVE_COMPILATION_CONDITIONS = DEBUG;
				SWIFT_OPTIMIZATION_LEVEL = "-Onone";
			};
			name = Debug;
		};
		9F050A0621877E3E006DACA3 /* Release */ = {
			isa = XCBuildConfiguration;
			buildSettings = {
				ALWAYS_SEARCH_USER_PATHS = NO;
				CLANG_ANALYZER_NONNULL = YES;
				CLANG_ANALYZER_NUMBER_OBJECT_CONVERSION = YES_AGGRESSIVE;
				CLANG_CXX_LANGUAGE_STANDARD = "gnu++14";
				CLANG_CXX_LIBRARY = "libc++";
				CLANG_ENABLE_MODULES = YES;
				CLANG_ENABLE_OBJC_ARC = YES;
				CLANG_ENABLE_OBJC_WEAK = YES;
				CLANG_WARN_BLOCK_CAPTURE_AUTORELEASING = YES;
				CLANG_WARN_BOOL_CONVERSION = YES;
				CLANG_WARN_COMMA = YES;
				CLANG_WARN_CONSTANT_CONVERSION = YES;
				CLANG_WARN_DEPRECATED_OBJC_IMPLEMENTATIONS = YES;
				CLANG_WARN_DIRECT_OBJC_ISA_USAGE = YES_ERROR;
				CLANG_WARN_DOCUMENTATION_COMMENTS = YES;
				CLANG_WARN_EMPTY_BODY = YES;
				CLANG_WARN_ENUM_CONVERSION = YES;
				CLANG_WARN_INFINITE_RECURSION = YES;
				CLANG_WARN_INT_CONVERSION = YES;
				CLANG_WARN_NON_LITERAL_NULL_CONVERSION = YES;
				CLANG_WARN_OBJC_IMPLICIT_RETAIN_SELF = YES;
				CLANG_WARN_OBJC_LITERAL_CONVERSION = YES;
				CLANG_WARN_OBJC_ROOT_CLASS = YES_ERROR;
				CLANG_WARN_RANGE_LOOP_ANALYSIS = YES;
				CLANG_WARN_STRICT_PROTOTYPES = YES;
				CLANG_WARN_SUSPICIOUS_MOVE = YES;
				CLANG_WARN_UNGUARDED_AVAILABILITY = YES_AGGRESSIVE;
				CLANG_WARN_UNREACHABLE_CODE = YES;
				CLANG_WARN__DUPLICATE_METHOD_MATCH = YES;
				CODE_SIGN_IDENTITY = "iPhone Developer";
				COPY_PHASE_STRIP = NO;
				DEBUG_INFORMATION_FORMAT = "dwarf-with-dsym";
				ENABLE_NS_ASSERTIONS = NO;
				ENABLE_STRICT_OBJC_MSGSEND = YES;
				GCC_C_LANGUAGE_STANDARD = gnu11;
				GCC_NO_COMMON_BLOCKS = YES;
				GCC_WARN_64_TO_32_BIT_CONVERSION = YES;
				GCC_WARN_ABOUT_RETURN_TYPE = YES_ERROR;
				GCC_WARN_UNDECLARED_SELECTOR = YES;
				GCC_WARN_UNINITIALIZED_AUTOS = YES_AGGRESSIVE;
				GCC_WARN_UNUSED_FUNCTION = YES;
				GCC_WARN_UNUSED_VARIABLE = YES;
				IPHONEOS_DEPLOYMENT_TARGET = 11.3;
				MTL_ENABLE_DEBUG_INFO = NO;
				SDKROOT = iphoneos;
				SWIFT_COMPILATION_MODE = wholemodule;
				SWIFT_OPTIMIZATION_LEVEL = "-O";
				VALIDATE_PRODUCT = YES;
			};
			name = Release;
		};
		9F050A0821877E3E006DACA3 /* Debug */ = {
			isa = XCBuildConfiguration;
			buildSettings = {
				ASSETCATALOG_COMPILER_APPICON_NAME = AppIcon;
				CODE_SIGN_STYLE = Automatic;
				INFOPLIST_FILE = Tinder/Info.plist;
				LD_RUNPATH_SEARCH_PATHS = (
					"$(inherited)",
					"@executable_path/Frameworks",
				);
				PRODUCT_BUNDLE_IDENTIFIER = com.vidhu.Tinder;
				PRODUCT_NAME = "$(TARGET_NAME)";
				SWIFT_VERSION = 4.0;
				TARGETED_DEVICE_FAMILY = "1,2";
			};
			name = Debug;
		};
		9F050A0921877E3E006DACA3 /* Release */ = {
			isa = XCBuildConfiguration;
			buildSettings = {
				ASSETCATALOG_COMPILER_APPICON_NAME = AppIcon;
				CODE_SIGN_STYLE = Automatic;
				INFOPLIST_FILE = Tinder/Info.plist;
				LD_RUNPATH_SEARCH_PATHS = (
					"$(inherited)",
					"@executable_path/Frameworks",
				);
				PRODUCT_BUNDLE_IDENTIFIER = com.vidhu.Tinder;
				PRODUCT_NAME = "$(TARGET_NAME)";
				SWIFT_VERSION = 4.0;
				TARGETED_DEVICE_FAMILY = "1,2";
			};
			name = Release;
		};
		9F050A0B21877E3E006DACA3 /* Debug */ = {
			isa = XCBuildConfiguration;
			buildSettings = {
				ALWAYS_EMBED_SWIFT_STANDARD_LIBRARIES = YES;
				BUNDLE_LOADER = "$(TEST_HOST)";
				CODE_SIGN_STYLE = Automatic;
				INFOPLIST_FILE = TinderTests/Info.plist;
				LD_RUNPATH_SEARCH_PATHS = (
					"$(inherited)",
					"@executable_path/Frameworks",
					"@loader_path/Frameworks",
				);
				PRODUCT_BUNDLE_IDENTIFIER = com.vidhu.TinderTests;
				PRODUCT_NAME = "$(TARGET_NAME)";
				SWIFT_VERSION = 4.0;
				TARGETED_DEVICE_FAMILY = "1,2";
				TEST_HOST = "$(BUILT_PRODUCTS_DIR)/Tinder.app/Tinder";
			};
			name = Debug;
		};
		9F050A0C21877E3E006DACA3 /* Release */ = {
			isa = XCBuildConfiguration;
			buildSettings = {
				ALWAYS_EMBED_SWIFT_STANDARD_LIBRARIES = YES;
				BUNDLE_LOADER = "$(TEST_HOST)";
				CODE_SIGN_STYLE = Automatic;
				INFOPLIST_FILE = TinderTests/Info.plist;
				LD_RUNPATH_SEARCH_PATHS = (
					"$(inherited)",
					"@executable_path/Frameworks",
					"@loader_path/Frameworks",
				);
				PRODUCT_BUNDLE_IDENTIFIER = com.vidhu.TinderTests;
				PRODUCT_NAME = "$(TARGET_NAME)";
				SWIFT_VERSION = 4.0;
				TARGETED_DEVICE_FAMILY = "1,2";
				TEST_HOST = "$(BUILT_PRODUCTS_DIR)/Tinder.app/Tinder";
			};
			name = Release;
		};
		9F050A0E21877E3E006DACA3 /* Debug */ = {
			isa = XCBuildConfiguration;
			buildSettings = {
				ALWAYS_EMBED_SWIFT_STANDARD_LIBRARIES = YES;
				CODE_SIGN_STYLE = Automatic;
				INFOPLIST_FILE = TinderUITests/Info.plist;
				LD_RUNPATH_SEARCH_PATHS = (
					"$(inherited)",
					"@executable_path/Frameworks",
					"@loader_path/Frameworks",
				);
				PRODUCT_BUNDLE_IDENTIFIER = com.vidhu.TinderUITests;
				PRODUCT_NAME = "$(TARGET_NAME)";
				SWIFT_VERSION = 4.0;
				TARGETED_DEVICE_FAMILY = "1,2";
				TEST_TARGET_NAME = Tinder;
			};
			name = Debug;
		};
		9F050A0F21877E3E006DACA3 /* Release */ = {
			isa = XCBuildConfiguration;
			buildSettings = {
				ALWAYS_EMBED_SWIFT_STANDARD_LIBRARIES = YES;
				CODE_SIGN_STYLE = Automatic;
				INFOPLIST_FILE = TinderUITests/Info.plist;
				LD_RUNPATH_SEARCH_PATHS = (
					"$(inherited)",
					"@executable_path/Frameworks",
					"@loader_path/Frameworks",
				);
				PRODUCT_BUNDLE_IDENTIFIER = com.vidhu.TinderUITests;
				PRODUCT_NAME = "$(TARGET_NAME)";
				SWIFT_VERSION = 4.0;
				TARGETED_DEVICE_FAMILY = "1,2";
				TEST_TARGET_NAME = Tinder;
			};
			name = Release;
		};
/* End XCBuildConfiguration section */

/* Begin XCConfigurationList section */
		9F0509DA21877E3B006DACA3 /* Build configuration list for PBXProject "Tinder" */ = {
			isa = XCConfigurationList;
			buildConfigurations = (
				9F050A0521877E3E006DACA3 /* Debug */,
				9F050A0621877E3E006DACA3 /* Release */,
			);
			defaultConfigurationIsVisible = 0;
			defaultConfigurationName = Release;
		};
		9F050A0721877E3E006DACA3 /* Build configuration list for PBXNativeTarget "Tinder" */ = {
			isa = XCConfigurationList;
			buildConfigurations = (
				9F050A0821877E3E006DACA3 /* Debug */,
				9F050A0921877E3E006DACA3 /* Release */,
			);
			defaultConfigurationIsVisible = 0;
			defaultConfigurationName = Release;
		};
		9F050A0A21877E3E006DACA3 /* Build configuration list for PBXNativeTarget "TinderTests" */ = {
			isa = XCConfigurationList;
			buildConfigurations = (
				9F050A0B21877E3E006DACA3 /* Debug */,
				9F050A0C21877E3E006DACA3 /* Release */,
			);
			defaultConfigurationIsVisible = 0;
			defaultConfigurationName = Release;
		};
		9F050A0D21877E3E006DACA3 /* Build configuration list for PBXNativeTarget "TinderUITests" */ = {
			isa = XCConfigurationList;
			buildConfigurations = (
				9F050A0E21877E3E006DACA3 /* Debug */,
				9F050A0F21877E3E006DACA3 /* Release */,
			);
			defaultConfigurationIsVisible = 0;
			defaultConfigurationName = Release;
		};
/* End XCConfigurationList section */
	};
	rootObject = 9F0509D721877E3B006DACA3 /* Project object */;
}
